
Microsoft Visual Studio Solution File, Format Version 12.00
# Visual Studio Version 17
VisualStudioVersion = 17.5.002.0
MinimumVisualStudioVersion = 10.0.40219.1
Project("{2150E333-8FDC-42A3-9474-1A3956D46DE8}") = "csharp-prep", "csharp-prep", "{562DC8B2-518E-417B-8031-B37DFD76A087}"
EndProject
Project("{9A19103F-16F7-4668-BE54-9A1E7A4F7556}") = "Prep1", "csharp-prep\Prep1\Prep1.csproj", "{9914B097-A23E-4A3C-A691-77E48F74304B}"
EndProject
Project("{9A19103F-16F7-4668-BE54-9A1E7A4F7556}") = "Prep2", "csharp-prep\Prep2\Prep2.csproj", "{00B2763C-1494-4E23-B480-5CBA8105ACED}"
EndProject
Project("{9A19103F-16F7-4668-BE54-9A1E7A4F7556}") = "Prep3", "csharp-prep\Prep3\Prep3.csproj", "{0F50F180-6656-4518-8D45-175D0CFD2540}"
EndProject
Project("{9A19103F-16F7-4668-BE54-9A1E7A4F7556}") = "Prep4", "csharp-prep\Prep4\Prep4.csproj", "{CA94D024-D4BA-43C9-B390-299317A43AAA}"
EndProject
Project("{9A19103F-16F7-4668-BE54-9A1E7A4F7556}") = "Prep5", "csharp-prep\Prep5\Prep5.csproj", "{5E20835C-27AA-4E80-A30F-BED9DD37232C}"
EndProject
Project("{2150E333-8FDC-42A3-9474-1A3956D46DE8}") = "final", "final", "{E07E26E6-2B96-4D0C-AE89-57814DF2C53B}"
EndProject
Project("{9A19103F-16F7-4668-BE54-9A1E7A4F7556}") = "FinalProject", "final\FinalProject\FinalProject.csproj", "{BE793452-8ABA-41DF-98F3-568BFB844F68}"
EndProject
Project("{9A19103F-16F7-4668-BE54-9A1E7A4F7556}") = "Foundation1", "final\Foundation1\Foundation1.csproj", "{211B70ED-2DEA-4EED-8A70-1863431180FA}"
EndProject
Project("{9A19103F-16F7-4668-BE54-9A1E7A4F7556}") = "Foundation2", "final\Foundation2\Foundation2.csproj", "{AC7E7855-6B42-43D2-9C7F-EA2D1AD861C5}"
EndProject
Project("{9A19103F-16F7-4668-BE54-9A1E7A4F7556}") = "Foundation3", "final\Foundation3\Foundation3.csproj", "{60B1FF84-A72F-482B-B343-5AB4BB7C153E}"
EndProject
Project("{9A19103F-16F7-4668-BE54-9A1E7A4F7556}") = "Foundation4", "final\Foundation4\Foundation4.csproj", "{D0EFC032-2CD9-492C-8FAD-FDD190F53516}"
EndProject
Project("{2150E333-8FDC-42A3-9474-1A3956D46DE8}") = "prepare", "prepare", "{D55DAA61-21C7-4087-B99C-6FD86BB39530}"
EndProject
Project("{9A19103F-16F7-4668-BE54-9A1E7A4F7556}") = "Learning02", "prepare\Learning02\Learning02.csproj", "{AA2B2761-02C6-4C04-BB60-9A811A12F607}"
EndProject
Project("{9A19103F-16F7-4668-BE54-9A1E7A4F7556}") = "Learning03", "prepare\Learning03\Learning03.csproj", "{BACCF188-C4EF-478D-A7E4-E0274971EF30}"
EndProject
Project("{9A19103F-16F7-4668-BE54-9A1E7A4F7556}") = "Learning04", "prepare\Learning04\Learning04.csproj", "{AE942E1F-A639-473C-9DB2-29B8D40EB85E}"
EndProject
Project("{9A19103F-16F7-4668-BE54-9A1E7A4F7556}") = "Learning05", "prepare\Learning05\Learning05.csproj", "{DC663057-F0FB-4FA9-B4FC-204F8F819D26}"
EndProject
Project("{2150E333-8FDC-42A3-9474-1A3956D46DE8}") = "prove", "prove", "{7D5F4122-8623-48E8-858C-C6843ED11830}"
EndProject
Project("{9A19103F-16F7-4668-BE54-9A1E7A4F7556}") = "Develop02", "prove\Develop02\Develop02.csproj", "{5AE8F92C-1B24-490B-980A-5923DA74E0B7}"
EndProject
Project("{9A19103F-16F7-4668-BE54-9A1E7A4F7556}") = "Develop03", "prove\Develop03\Develop03.csproj", "{23C9BE44-E834-4D0B-A788-DEAA44457987}"
EndProject
Project("{9A19103F-16F7-4668-BE54-9A1E7A4F7556}") = "Develop04", "prove\Develop04\Develop04.csproj", "{D29CE8CA-6F5E-41ED-96B2-60FD46FCA272}"
EndProject
Project("{9A19103F-16F7-4668-BE54-9A1E7A4F7556}") = "Develop05", "prove\Develop05\Develop05.csproj", "{12079CB0-52FF-4BFF-B4FB-D39C42F25117}"
EndProject
Project("{2150E333-8FDC-42A3-9474-1A3956D46DE8}") = "sandbox", "sandbox", "{124321F2-9FA8-4891-97AD-23D50DFF98AA}"
EndProject
Project("{9A19103F-16F7-4668-BE54-9A1E7A4F7556}") = "Sandbox", "sandbox\Sandbox\Sandbox.csproj", "{BA72E5AA-683C-49F7-9900-DFA2B7222A97}"
EndProject
Global
	GlobalSection(SolutionConfigurationPlatforms) = preSolution
		Debug|Any CPU = Debug|Any CPU
		Release|Any CPU = Release|Any CPU
	EndGlobalSection
	GlobalSection(ProjectConfigurationPlatforms) = postSolution
		{9914B097-A23E-4A3C-A691-77E48F74304B}.Debug|Any CPU.ActiveCfg = Debug|Any CPU
		{9914B097-A23E-4A3C-A691-77E48F74304B}.Debug|Any CPU.Build.0 = Debug|Any CPU
		{9914B097-A23E-4A3C-A691-77E48F74304B}.Release|Any CPU.ActiveCfg = Release|Any CPU
		{9914B097-A23E-4A3C-A691-77E48F74304B}.Release|Any CPU.Build.0 = Release|Any CPU
		{00B2763C-1494-4E23-B480-5CBA8105ACED}.Debug|Any CPU.ActiveCfg = Debug|Any CPU
		{00B2763C-1494-4E23-B480-5CBA8105ACED}.Debug|Any CPU.Build.0 = Debug|Any CPU
		{00B2763C-1494-4E23-B480-5CBA8105ACED}.Release|Any CPU.ActiveCfg = Release|Any CPU
		{00B2763C-1494-4E23-B480-5CBA8105ACED}.Release|Any CPU.Build.0 = Release|Any CPU
		{0F50F180-6656-4518-8D45-175D0CFD2540}.Debug|Any CPU.ActiveCfg = Debug|Any CPU
		{0F50F180-6656-4518-8D45-175D0CFD2540}.Debug|Any CPU.Build.0 = Debug|Any CPU
		{0F50F180-6656-4518-8D45-175D0CFD2540}.Release|Any CPU.ActiveCfg = Release|Any CPU
		{0F50F180-6656-4518-8D45-175D0CFD2540}.Release|Any CPU.Build.0 = Release|Any CPU
		{CA94D024-D4BA-43C9-B390-299317A43AAA}.Debug|Any CPU.ActiveCfg = Debug|Any CPU
		{CA94D024-D4BA-43C9-B390-299317A43AAA}.Debug|Any CPU.Build.0 = Debug|Any CPU
		{CA94D024-D4BA-43C9-B390-299317A43AAA}.Release|Any CPU.ActiveCfg = Release|Any CPU
		{CA94D024-D4BA-43C9-B390-299317A43AAA}.Release|Any CPU.Build.0 = Release|Any CPU
		{5E20835C-27AA-4E80-A30F-BED9DD37232C}.Debug|Any CPU.ActiveCfg = Debug|Any CPU
		{5E20835C-27AA-4E80-A30F-BED9DD37232C}.Debug|Any CPU.Build.0 = Debug|Any CPU
		{5E20835C-27AA-4E80-A30F-BED9DD37232C}.Release|Any CPU.ActiveCfg = Release|Any CPU
		{5E20835C-27AA-4E80-A30F-BED9DD37232C}.Release|Any CPU.Build.0 = Release|Any CPU
		{BE793452-8ABA-41DF-98F3-568BFB844F68}.Debug|Any CPU.ActiveCfg = Debug|Any CPU
		{BE793452-8ABA-41DF-98F3-568BFB844F68}.Debug|Any CPU.Build.0 = Debug|Any CPU
		{BE793452-8ABA-41DF-98F3-568BFB844F68}.Release|Any CPU.ActiveCfg = Release|Any CPU
		{BE793452-8ABA-41DF-98F3-568BFB844F68}.Release|Any CPU.Build.0 = Release|Any CPU
		{211B70ED-2DEA-4EED-8A70-1863431180FA}.Debug|Any CPU.ActiveCfg = Debug|Any CPU
		{211B70ED-2DEA-4EED-8A70-1863431180FA}.Debug|Any CPU.Build.0 = Debug|Any CPU
		{211B70ED-2DEA-4EED-8A70-1863431180FA}.Release|Any CPU.ActiveCfg = Release|Any CPU
		{211B70ED-2DEA-4EED-8A70-1863431180FA}.Release|Any CPU.Build.0 = Release|Any CPU
		{AC7E7855-6B42-43D2-9C7F-EA2D1AD861C5}.Debug|Any CPU.ActiveCfg = Debug|Any CPU
		{AC7E7855-6B42-43D2-9C7F-EA2D1AD861C5}.Debug|Any CPU.Build.0 = Debug|Any CPU
		{AC7E7855-6B42-43D2-9C7F-EA2D1AD861C5}.Release|Any CPU.ActiveCfg = Release|Any CPU
		{AC7E7855-6B42-43D2-9C7F-EA2D1AD861C5}.Release|Any CPU.Build.0 = Release|Any CPU
		{60B1FF84-A72F-482B-B343-5AB4BB7C153E}.Debug|Any CPU.ActiveCfg = Debug|Any CPU
		{60B1FF84-A72F-482B-B343-5AB4BB7C153E}.Debug|Any CPU.Build.0 = Debug|Any CPU
		{60B1FF84-A72F-482B-B343-5AB4BB7C153E}.Release|Any CPU.ActiveCfg = Release|Any CPU
		{60B1FF84-A72F-482B-B343-5AB4BB7C153E}.Release|Any CPU.Build.0 = Release|Any CPU
		{D0EFC032-2CD9-492C-8FAD-FDD190F53516}.Debug|Any CPU.ActiveCfg = Debug|Any CPU
		{D0EFC032-2CD9-492C-8FAD-FDD190F53516}.Debug|Any CPU.Build.0 = Debug|Any CPU
		{D0EFC032-2CD9-492C-8FAD-FDD190F53516}.Release|Any CPU.ActiveCfg = Release|Any CPU
		{D0EFC032-2CD9-492C-8FAD-FDD190F53516}.Release|Any CPU.Build.0 = Release|Any CPU
		{AA2B2761-02C6-4C04-BB60-9A811A12F607}.Debug|Any CPU.ActiveCfg = Debug|Any CPU
		{AA2B2761-02C6-4C04-BB60-9A811A12F607}.Debug|Any CPU.Build.0 = Debug|Any CPU
		{AA2B2761-02C6-4C04-BB60-9A811A12F607}.Release|Any CPU.ActiveCfg = Release|Any CPU
		{AA2B2761-02C6-4C04-BB60-9A811A12F607}.Release|Any CPU.Build.0 = Release|Any CPU
		{BACCF188-C4EF-478D-A7E4-E0274971EF30}.Debug|Any CPU.ActiveCfg = Debug|Any CPU
		{BACCF188-C4EF-478D-A7E4-E0274971EF30}.Debug|Any CPU.Build.0 = Debug|Any CPU
		{BACCF188-C4EF-478D-A7E4-E0274971EF30}.Release|Any CPU.ActiveCfg = Release|Any CPU
		{BACCF188-C4EF-478D-A7E4-E0274971EF30}.Release|Any CPU.Build.0 = Release|Any CPU
		{AE942E1F-A639-473C-9DB2-29B8D40EB85E}.Debug|Any CPU.ActiveCfg = Debug|Any CPU
		{AE942E1F-A639-473C-9DB2-29B8D40EB85E}.Debug|Any CPU.Build.0 = Debug|Any CPU
		{AE942E1F-A639-473C-9DB2-29B8D40EB85E}.Release|Any CPU.ActiveCfg = Release|Any CPU
		{AE942E1F-A639-473C-9DB2-29B8D40EB85E}.Release|Any CPU.Build.0 = Release|Any CPU
		{DC663057-F0FB-4FA9-B4FC-204F8F819D26}.Debug|Any CPU.ActiveCfg = Debug|Any CPU
		{DC663057-F0FB-4FA9-B4FC-204F8F819D26}.Debug|Any CPU.Build.0 = Debug|Any CPU
		{DC663057-F0FB-4FA9-B4FC-204F8F819D26}.Release|Any CPU.ActiveCfg = Release|Any CPU
		{DC663057-F0FB-4FA9-B4FC-204F8F819D26}.Release|Any CPU.Build.0 = Release|Any CPU
		{5AE8F92C-1B24-490B-980A-5923DA74E0B7}.Debug|Any CPU.ActiveCfg = Debug|Any CPU
		{5AE8F92C-1B24-490B-980A-5923DA74E0B7}.Debug|Any CPU.Build.0 = Debug|Any CPU
		{5AE8F92C-1B24-490B-980A-5923DA74E0B7}.Release|Any CPU.ActiveCfg = Release|Any CPU
		{5AE8F92C-1B24-490B-980A-5923DA74E0B7}.Release|Any CPU.Build.0 = Release|Any CPU
		{23C9BE44-E834-4D0B-A788-DEAA44457987}.Debug|Any CPU.ActiveCfg = Debug|Any CPU
		{23C9BE44-E834-4D0B-A788-DEAA44457987}.Debug|Any CPU.Build.0 = Debug|Any CPU
		{23C9BE44-E834-4D0B-A788-DEAA44457987}.Release|Any CPU.ActiveCfg = Release|Any CPU
		{23C9BE44-E834-4D0B-A788-DEAA44457987}.Release|Any CPU.Build.0 = Release|Any CPU
		{D29CE8CA-6F5E-41ED-96B2-60FD46FCA272}.Debug|Any CPU.ActiveCfg = Debug|Any CPU
		{D29CE8CA-6F5E-41ED-96B2-60FD46FCA272}.Debug|Any CPU.Build.0 = Debug|Any CPU
		{D29CE8CA-6F5E-41ED-96B2-60FD46FCA272}.Release|Any CPU.ActiveCfg = Release|Any CPU
		{D29CE8CA-6F5E-41ED-96B2-60FD46FCA272}.Release|Any CPU.Build.0 = Release|Any CPU
		{12079CB0-52FF-4BFF-B4FB-D39C42F25117}.Debug|Any CPU.ActiveCfg = Debug|Any CPU
		{12079CB0-52FF-4BFF-B4FB-D39C42F25117}.Debug|Any CPU.Build.0 = Debug|Any CPU
		{12079CB0-52FF-4BFF-B4FB-D39C42F25117}.Release|Any CPU.ActiveCfg = Release|Any CPU
		{12079CB0-52FF-4BFF-B4FB-D39C42F25117}.Release|Any CPU.Build.0 = Release|Any CPU
		{BA72E5AA-683C-49F7-9900-DFA2B7222A97}.Debug|Any CPU.ActiveCfg = Debug|Any CPU
		{BA72E5AA-683C-49F7-9900-DFA2B7222A97}.Debug|Any CPU.Build.0 = Debug|Any CPU
		{BA72E5AA-683C-49F7-9900-DFA2B7222A97}.Release|Any CPU.ActiveCfg = Release|Any CPU
		{BA72E5AA-683C-49F7-9900-DFA2B7222A97}.Release|Any CPU.Build.0 = Release|Any CPU
	EndGlobalSection
	GlobalSection(SolutionProperties) = preSolution
		HideSolutionNode = FALSE
	EndGlobalSection
	GlobalSection(NestedProjects) = preSolution
		{9914B097-A23E-4A3C-A691-77E48F74304B} = {562DC8B2-518E-417B-8031-B37DFD76A087}
		{00B2763C-1494-4E23-B480-5CBA8105ACED} = {562DC8B2-518E-417B-8031-B37DFD76A087}
		{0F50F180-6656-4518-8D45-175D0CFD2540} = {562DC8B2-518E-417B-8031-B37DFD76A087}
		{CA94D024-D4BA-43C9-B390-299317A43AAA} = {562DC8B2-518E-417B-8031-B37DFD76A087}
		{5E20835C-27AA-4E80-A30F-BED9DD37232C} = {562DC8B2-518E-417B-8031-B37DFD76A087}
		{BE793452-8ABA-41DF-98F3-568BFB844F68} = {E07E26E6-2B96-4D0C-AE89-57814DF2C53B}
		{211B70ED-2DEA-4EED-8A70-1863431180FA} = {E07E26E6-2B96-4D0C-AE89-57814DF2C53B}
		{AC7E7855-6B42-43D2-9C7F-EA2D1AD861C5} = {E07E26E6-2B96-4D0C-AE89-57814DF2C53B}
		{60B1FF84-A72F-482B-B343-5AB4BB7C153E} = {E07E26E6-2B96-4D0C-AE89-57814DF2C53B}
		{D0EFC032-2CD9-492C-8FAD-FDD190F53516} = {E07E26E6-2B96-4D0C-AE89-57814DF2C53B}
		{AA2B2761-02C6-4C04-BB60-9A811A12F607} = {D55DAA61-21C7-4087-B99C-6FD86BB39530}
		{BACCF188-C4EF-478D-A7E4-E0274971EF30} = {D55DAA61-21C7-4087-B99C-6FD86BB39530}
		{AE942E1F-A639-473C-9DB2-29B8D40EB85E} = {D55DAA61-21C7-4087-B99C-6FD86BB39530}
		{DC663057-F0FB-4FA9-B4FC-204F8F819D26} = {D55DAA61-21C7-4087-B99C-6FD86BB39530}
		{5AE8F92C-1B24-490B-980A-5923DA74E0B7} = {7D5F4122-8623-48E8-858C-C6843ED11830}
		{23C9BE44-E834-4D0B-A788-DEAA44457987} = {7D5F4122-8623-48E8-858C-C6843ED11830}
		{D29CE8CA-6F5E-41ED-96B2-60FD46FCA272} = {7D5F4122-8623-48E8-858C-C6843ED11830}
		{12079CB0-52FF-4BFF-B4FB-D39C42F25117} = {7D5F4122-8623-48E8-858C-C6843ED11830}
		{BA72E5AA-683C-49F7-9900-DFA2B7222A97} = {124321F2-9FA8-4891-97AD-23D50DFF98AA}
	EndGlobalSection
	GlobalSection(ExtensibilityGlobals) = postSolution
		SolutionGuid = {A3C6B9E8-066D-404C-A9BD-7E8C35A80A72}
	EndGlobalSection
EndGlobal
